// !$*UTF8*$!
{
	archiveVersion = 1;
	classes = {
	};
	objectVersion = 50;
	objects = {

/* Begin PBXBuildFile section */
		14BECFFBB29A690B2520337D /* Pods_APIChallenge.framework in Frameworks */ = {isa = PBXBuildFile; fileRef = 9E95BEC9870C86986FD6D16F /* Pods_APIChallenge.framework */; };
		C914ACCF222D53EA00C330A0 /* AppDelegate.swift in Sources */ = {isa = PBXBuildFile; fileRef = C914ACCE222D53EA00C330A0 /* AppDelegate.swift */; };
		C914ACD6222D53EB00C330A0 /* Assets.xcassets in Resources */ = {isa = PBXBuildFile; fileRef = C914ACD5222D53EB00C330A0 /* Assets.xcassets */; };
		C914ACE2222D554100C330A0 /* IndexViewController.swift in Sources */ = {isa = PBXBuildFile; fileRef = C914ACE0222D554100C330A0 /* IndexViewController.swift */; };
		C914ACE3222D554100C330A0 /* default.xib in Resources */ = {isa = PBXBuildFile; fileRef = C914ACE1222D554100C330A0 /* default.xib */; };
		C995A18E222EA803004A6557 /* IndexTableViewCell.swift in Sources */ = {isa = PBXBuildFile; fileRef = C995A18D222EA803004A6557 /* IndexTableViewCell.swift */; };
		C9B1AC8E222FC9BA007DA18F /* APICall.swift in Sources */ = {isa = PBXBuildFile; fileRef = C9B1AC8D222FC9BA007DA18F /* APICall.swift */; };
		C9B1AC91222FD565007DA18F /* User.swift in Sources */ = {isa = PBXBuildFile; fileRef = C9B1AC90222FD565007DA18F /* User.swift */; };
		C9C16B37226748E4009F4D18 /* AlertViewControllerExtension.swift in Sources */ = {isa = PBXBuildFile; fileRef = C9C16B36226748E4009F4D18 /* AlertViewControllerExtension.swift */; };
		C9FF4A3C2256249400CB0CE8 /* DetailsViewController.swift in Sources */ = {isa = PBXBuildFile; fileRef = C9FF4A3B2256249400CB0CE8 /* DetailsViewController.swift */; };
/* End PBXBuildFile section */

/* Begin PBXFileReference section */
		9E95BEC9870C86986FD6D16F /* Pods_APIChallenge.framework */ = {isa = PBXFileReference; explicitFileType = wrapper.framework; includeInIndex = 0; path = Pods_APIChallenge.framework; sourceTree = BUILT_PRODUCTS_DIR; };
		C0DFDC63C3AF66603F64F9A1 /* Pods-APIChallenge.debug.xcconfig */ = {isa = PBXFileReference; includeInIndex = 1; lastKnownFileType = text.xcconfig; name = "Pods-APIChallenge.debug.xcconfig"; path = "Target Support Files/Pods-APIChallenge/Pods-APIChallenge.debug.xcconfig"; sourceTree = "<group>"; };
		C914ACCB222D53EA00C330A0 /* APIChallenge.app */ = {isa = PBXFileReference; explicitFileType = wrapper.application; includeInIndex = 0; path = APIChallenge.app; sourceTree = BUILT_PRODUCTS_DIR; };
		C914ACCE222D53EA00C330A0 /* AppDelegate.swift */ = {isa = PBXFileReference; lastKnownFileType = sourcecode.swift; path = AppDelegate.swift; sourceTree = "<group>"; };
		C914ACD5222D53EB00C330A0 /* Assets.xcassets */ = {isa = PBXFileReference; lastKnownFileType = folder.assetcatalog; path = Assets.xcassets; sourceTree = "<group>"; };
		C914ACDA222D53EB00C330A0 /* Info.plist */ = {isa = PBXFileReference; lastKnownFileType = text.plist.xml; path = Info.plist; sourceTree = "<group>"; };
		C914ACE0222D554100C330A0 /* IndexViewController.swift */ = {isa = PBXFileReference; lastKnownFileType = sourcecode.swift; path = IndexViewController.swift; sourceTree = "<group>"; };
		C914ACE1222D554100C330A0 /* default.xib */ = {isa = PBXFileReference; lastKnownFileType = file.xib; path = default.xib; sourceTree = "<group>"; };
		C995A18D222EA803004A6557 /* IndexTableViewCell.swift */ = {isa = PBXFileReference; lastKnownFileType = sourcecode.swift; path = IndexTableViewCell.swift; sourceTree = "<group>"; };
		C9B1AC8D222FC9BA007DA18F /* APICall.swift */ = {isa = PBXFileReference; lastKnownFileType = sourcecode.swift; path = APICall.swift; sourceTree = "<group>"; };
		C9B1AC90222FD565007DA18F /* User.swift */ = {isa = PBXFileReference; lastKnownFileType = sourcecode.swift; path = User.swift; sourceTree = "<group>"; };
		C9C16B36226748E4009F4D18 /* AlertViewControllerExtension.swift */ = {isa = PBXFileReference; lastKnownFileType = sourcecode.swift; path = AlertViewControllerExtension.swift; sourceTree = "<group>"; };
		C9FF4A3B2256249400CB0CE8 /* DetailsViewController.swift */ = {isa = PBXFileReference; lastKnownFileType = sourcecode.swift; path = DetailsViewController.swift; sourceTree = "<group>"; };
		F358378FCAAC8561D34D6640 /* Pods-APIChallenge.release.xcconfig */ = {isa = PBXFileReference; includeInIndex = 1; lastKnownFileType = text.xcconfig; name = "Pods-APIChallenge.release.xcconfig"; path = "Target Support Files/Pods-APIChallenge/Pods-APIChallenge.release.xcconfig"; sourceTree = "<group>"; };
/* End PBXFileReference section */

/* Begin PBXFrameworksBuildPhase section */
		C914ACC8222D53EA00C330A0 /* Frameworks */ = {
			isa = PBXFrameworksBuildPhase;
			buildActionMask = 2147483647;
			files = (
				14BECFFBB29A690B2520337D /* Pods_APIChallenge.framework in Frameworks */,
			);
			runOnlyForDeploymentPostprocessing = 0;
		};
/* End PBXFrameworksBuildPhase section */

/* Begin PBXGroup section */
		03E6CDF0165A179DA5400F44 /* Pods */ = {
			isa = PBXGroup;
			children = (
				C0DFDC63C3AF66603F64F9A1 /* Pods-APIChallenge.debug.xcconfig */,
				F358378FCAAC8561D34D6640 /* Pods-APIChallenge.release.xcconfig */,
			);
			path = Pods;
			sourceTree = "<group>";
		};
		C914ACC2222D53EA00C330A0 = {
			isa = PBXGroup;
			children = (
				C914ACE1222D554100C330A0 /* default.xib */,
				C914ACCD222D53EA00C330A0 /* APIChallenge */,
				C914ACCC222D53EA00C330A0 /* Products */,
				03E6CDF0165A179DA5400F44 /* Pods */,
				DE7EE570B4366A624FAFE5C1 /* Frameworks */,
			);
			sourceTree = "<group>";
		};
		C914ACCC222D53EA00C330A0 /* Products */ = {
			isa = PBXGroup;
			children = (
				C914ACCB222D53EA00C330A0 /* APIChallenge.app */,
			);
			name = Products;
			sourceTree = "<group>";
		};
		C914ACCD222D53EA00C330A0 /* APIChallenge */ = {
			isa = PBXGroup;
			children = (
				C9FF4A3D225A17D700CB0CE8 /* View */,
				C9FF4A3E225A17EE00CB0CE8 /* Controller */,
				C9B1AC8F222FD536007DA18F /* Models */,
				C9B1AC8C222FC996007DA18F /* Services */,
				C914ACD5222D53EB00C330A0 /* Assets.xcassets */,
				C914ACDA222D53EB00C330A0 /* Info.plist */,
			);
			path = APIChallenge;
			sourceTree = "<group>";
		};
		C9B1AC8C222FC996007DA18F /* Services */ = {
			isa = PBXGroup;
			children = (
				C9B1AC8D222FC9BA007DA18F /* APICall.swift */,
			);
			path = Services;
			sourceTree = "<group>";
		};
		C9B1AC8F222FD536007DA18F /* Models */ = {
			isa = PBXGroup;
			children = (
				C9B1AC90222FD565007DA18F /* User.swift */,
			);
			path = Models;
			sourceTree = "<group>";
		};
		C9FF4A3D225A17D700CB0CE8 /* View */ = {
			isa = PBXGroup;
			children = (
				C995A18D222EA803004A6557 /* IndexTableViewCell.swift */,
				C9FF4A3B2256249400CB0CE8 /* DetailsViewController.swift */,
			);
			path = View;
			sourceTree = "<group>";
		};
		C9FF4A3E225A17EE00CB0CE8 /* Controller */ = {
			isa = PBXGroup;
			children = (
				C9C16B36226748E4009F4D18 /* AlertViewControllerExtension.swift */,
				C914ACCE222D53EA00C330A0 /* AppDelegate.swift */,
				C914ACE0222D554100C330A0 /* IndexViewController.swift */,
			);
			path = Controller;
			sourceTree = "<group>";
		};
		DE7EE570B4366A624FAFE5C1 /* Frameworks */ = {
			isa = PBXGroup;
			children = (
				9E95BEC9870C86986FD6D16F /* Pods_APIChallenge.framework */,
			);
			name = Frameworks;
			sourceTree = "<group>";
		};
/* End PBXGroup section */

/* Begin PBXNativeTarget section */
		C914ACCA222D53EA00C330A0 /* APIChallenge */ = {
			isa = PBXNativeTarget;
			buildConfigurationList = C914ACDD222D53EB00C330A0 /* Build configuration list for PBXNativeTarget "APIChallenge" */;
			buildPhases = (
				B635C02A57283BCE8B6468AA /* [CP] Check Pods Manifest.lock */,
				C914ACC7222D53EA00C330A0 /* Sources */,
				C914ACC8222D53EA00C330A0 /* Frameworks */,
				C914ACC9222D53EA00C330A0 /* Resources */,
				FD7D30C081CA474B8AECC07A /* [CP] Embed Pods Frameworks */,
			);
			buildRules = (
			);
			dependencies = (
			);
			name = APIChallenge;
			productName = APIChallenge;
			productReference = C914ACCB222D53EA00C330A0 /* APIChallenge.app */;
			productType = "com.apple.product-type.application";
		};
/* End PBXNativeTarget section */

/* Begin PBXProject section */
		C914ACC3222D53EA00C330A0 /* Project object */ = {
			isa = PBXProject;
			attributes = {
				LastSwiftUpdateCheck = 1010;
				LastUpgradeCheck = 1010;
				ORGANIZATIONNAME = "Petr Fila";
				TargetAttributes = {
					C914ACCA222D53EA00C330A0 = {
						CreatedOnToolsVersion = 10.1;
					};
				};
			};
			buildConfigurationList = C914ACC6222D53EA00C330A0 /* Build configuration list for PBXProject "APIChallenge" */;
			compatibilityVersion = "Xcode 9.3";
			developmentRegion = en;
			hasScannedForEncodings = 0;
			knownRegions = (
				en,
				Base,
			);
			mainGroup = C914ACC2222D53EA00C330A0;
			productRefGroup = C914ACCC222D53EA00C330A0 /* Products */;
			projectDirPath = "";
			projectRoot = "";
			targets = (
				C914ACCA222D53EA00C330A0 /* APIChallenge */,
			);
		};
/* End PBXProject section */

/* Begin PBXResourcesBuildPhase section */
		C914ACC9222D53EA00C330A0 /* Resources */ = {
			isa = PBXResourcesBuildPhase;
			buildActionMask = 2147483647;
			files = (
				C914ACE3222D554100C330A0 /* default.xib in Resources */,
				C914ACD6222D53EB00C330A0 /* Assets.xcassets in Resources */,
			);
			runOnlyForDeploymentPostprocessing = 0;
		};
/* End PBXResourcesBuildPhase section */

/* Begin PBXShellScriptBuildPhase section */
		B635C02A57283BCE8B6468AA /* [CP] Check Pods Manifest.lock */ = {
			isa = PBXShellScriptBuildPhase;
			buildActionMask = 2147483647;
			files = (
			);
			inputFileListPaths = (
			);
			inputPaths = (
				"${PODS_PODFILE_DIR_PATH}/Podfile.lock",
				"${PODS_ROOT}/Manifest.lock",
			);
			name = "[CP] Check Pods Manifest.lock";
			outputFileListPaths = (
			);
			outputPaths = (
				"$(DERIVED_FILE_DIR)/Pods-APIChallenge-checkManifestLockResult.txt",
			);
			runOnlyForDeploymentPostprocessing = 0;
			shellPath = /bin/sh;
			shellScript = "diff \"${PODS_PODFILE_DIR_PATH}/Podfile.lock\" \"${PODS_ROOT}/Manifest.lock\" > /dev/null\nif [ $? != 0 ] ; then\n    # print error to STDERR\n    echo \"error: The sandbox is not in sync with the Podfile.lock. Run 'pod install' or update your CocoaPods installation.\" >&2\n    exit 1\nfi\n# This output is used by Xcode 'outputs' to avoid re-running this script phase.\necho \"SUCCESS\" > \"${SCRIPT_OUTPUT_FILE_0}\"\n";
			showEnvVarsInLog = 0;
		};
		FD7D30C081CA474B8AECC07A /* [CP] Embed Pods Frameworks */ = {
			isa = PBXShellScriptBuildPhase;
			buildActionMask = 2147483647;
			files = (
			);
			inputFileListPaths = (
			);
			inputPaths = (
				"${PODS_ROOT}/Target Support Files/Pods-APIChallenge/Pods-APIChallenge-frameworks.sh",
				"${BUILT_PRODUCTS_DIR}/SVProgressHUD/SVProgressHUD.framework",
			);
			name = "[CP] Embed Pods Frameworks";
			outputFileListPaths = (
			);
			outputPaths = (
				"${TARGET_BUILD_DIR}/${FRAMEWORKS_FOLDER_PATH}/SVProgressHUD.framework",
			);
			runOnlyForDeploymentPostprocessing = 0;
			shellPath = /bin/sh;
			shellScript = "\"${PODS_ROOT}/Target Support Files/Pods-APIChallenge/Pods-APIChallenge-frameworks.sh\"\n";
			showEnvVarsInLog = 0;
		};
/* End PBXShellScriptBuildPhase section */

/* Begin PBXSourcesBuildPhase section */
		C914ACC7222D53EA00C330A0 /* Sources */ = {
			isa = PBXSourcesBuildPhase;
			buildActionMask = 2147483647;
			files = (
				C9B1AC91222FD565007DA18F /* User.swift in Sources */,
				C995A18E222EA803004A6557 /* IndexTableViewCell.swift in Sources */,
				C914ACE2222D554100C330A0 /* IndexViewController.swift in Sources */,
				C9B1AC8E222FC9BA007DA18F /* APICall.swift in Sources */,
				C914ACCF222D53EA00C330A0 /* AppDelegate.swift in Sources */,
				C9FF4A3C2256249400CB0CE8 /* DetailsViewController.swift in Sources */,
				C9C16B37226748E4009F4D18 /* AlertViewControllerExtension.swift in Sources */,
			);
			runOnlyForDeploymentPostprocessing = 0;
		};
/* End PBXSourcesBuildPhase section */

/* Begin XCBuildConfiguration section */
		C914ACDB222D53EB00C330A0 /* Debug */ = {
			isa = XCBuildConfiguration;
			buildSettings = {
				ALWAYS_SEARCH_USER_PATHS = NO;
				CLANG_ANALYZER_NONNULL = YES;
				CLANG_ANALYZER_NUMBER_OBJECT_CONVERSION = YES_AGGRESSIVE;
				CLANG_CXX_LANGUAGE_STANDARD = "gnu++14";
				CLANG_CXX_LIBRARY = "libc++";
				CLANG_ENABLE_MODULES = YES;
				CLANG_ENABLE_OBJC_ARC = YES;
				CLANG_ENABLE_OBJC_WEAK = YES;
				CLANG_WARN_BLOCK_CAPTURE_AUTORELEASING = YES;
				CLANG_WARN_BOOL_CONVERSION = YES;
				CLANG_WARN_COMMA = YES;
				CLANG_WARN_CONSTANT_CONVERSION = YES;
				CLANG_WARN_DEPRECATED_OBJC_IMPLEMENTATIONS = YES;
				CLANG_WARN_DIRECT_OBJC_ISA_USAGE = YES_ERROR;
				CLANG_WARN_DOCUMENTATION_COMMENTS = YES;
				CLANG_WARN_EMPTY_BODY = YES;
				CLANG_WARN_ENUM_CONVERSION = YES;
				CLANG_WARN_INFINITE_RECURSION = YES;
				CLANG_WARN_INT_CONVERSION = YES;
				CLANG_WARN_NON_LITERAL_NULL_CONVERSION = YES;
				CLANG_WARN_OBJC_IMPLICIT_RETAIN_SELF = YES;
				CLANG_WARN_OBJC_LITERAL_CONVERSION = YES;
				CLANG_WARN_OBJC_ROOT_CLASS = YES_ERROR;
				CLANG_WARN_RANGE_LOOP_ANALYSIS = YES;
				CLANG_WARN_STRICT_PROTOTYPES = YES;
				CLANG_WARN_SUSPICIOUS_MOVE = YES;
				CLANG_WARN_UNGUARDED_AVAILABILITY = YES_AGGRESSIVE;
				CLANG_WARN_UNREACHABLE_CODE = YES;
				CLANG_WARN__DUPLICATE_METHOD_MATCH = YES;
				CODE_SIGN_IDENTITY = "iPhone Developer";
				COPY_PHASE_STRIP = NO;
				DEBUG_INFORMATION_FORMAT = dwarf;
				ENABLE_STRICT_OBJC_MSGSEND = YES;
				ENABLE_TESTABILITY = YES;
				GCC_C_LANGUAGE_STANDARD = gnu11;
				GCC_DYNAMIC_NO_PIC = NO;
				GCC_NO_COMMON_BLOCKS = YES;
				GCC_OPTIMIZATION_LEVEL = 0;
				GCC_PREPROCESSOR_DEFINITIONS = (
					"DEBUG=1",
					"$(inherited)",
				);
				GCC_WARN_64_TO_32_BIT_CONVERSION = YES;
				GCC_WARN_ABOUT_RETURN_TYPE = YES_ERROR;
				GCC_WARN_UNDECLARED_SELECTOR = YES;
				GCC_WARN_UNINITIALIZED_AUTOS = YES_AGGRESSIVE;
				GCC_WARN_UNUSED_FUNCTION = YES;
				GCC_WARN_UNUSED_VARIABLE = YES;
				IPHONEOS_DEPLOYMENT_TARGET = 12.1;
				MTL_ENABLE_DEBUG_INFO = INCLUDE_SOURCE;
				MTL_FAST_MATH = YES;
				ONLY_ACTIVE_ARCH = YES;
				SDKROOT = iphoneos;
				SWIFT_ACTIVE_COMPILATION_CONDITIONS = DEBUG;
				SWIFT_OPTIMIZATION_LEVEL = "-Onone";
			};
			name = Debug;
		};
		C914ACDC222D53EB00C330A0 /* Release */ = {
			isa = XCBuildConfiguration;
			buildSettings = {
				ALWAYS_SEARCH_USER_PATHS = NO;
				CLANG_ANALYZER_NONNULL = YES;
				CLANG_ANALYZER_NUMBER_OBJECT_CONVERSION = YES_AGGRESSIVE;
				CLANG_CXX_LANGUAGE_STANDARD = "gnu++14";
				CLANG_CXX_LIBRARY = "libc++";
				CLANG_ENABLE_MODULES = YES;
				CLANG_ENABLE_OBJC_ARC = YES;
				CLANG_ENABLE_OBJC_WEAK = YES;
				CLANG_WARN_BLOCK_CAPTURE_AUTORELEASING = YES;
				CLANG_WARN_BOOL_CONVERSION = YES;
				CLANG_WARN_COMMA = YES;
				CLANG_WARN_CONSTANT_CONVERSION = YES;
				CLANG_WARN_DEPRECATED_OBJC_IMPLEMENTATIONS = YES;
				CLANG_WARN_DIRECT_OBJC_ISA_USAGE = YES_ERROR;
				CLANG_WARN_DOCUMENTATION_COMMENTS = YES;
				CLANG_WARN_EMPTY_BODY = YES;
				CLANG_WARN_ENUM_CONVERSION = YES;
				CLANG_WARN_INFINITE_RECURSION = YES;
				CLANG_WARN_INT_CONVERSION = YES;
				CLANG_WARN_NON_LITERAL_NULL_CONVERSION = YES;
				CLANG_WARN_OBJC_IMPLICIT_RETAIN_SELF = YES;
				CLANG_WARN_OBJC_LITERAL_CONVERSION = YES;
				CLANG_WARN_OBJC_ROOT_CLASS = YES_ERROR;
				CLANG_WARN_RANGE_LOOP_ANALYSIS = YES;
				CLANG_WARN_STRICT_PROTOTYPES = YES;
				CLANG_WARN_SUSPICIOUS_MOVE = YES;
				CLANG_WARN_UNGUARDED_AVAILABILITY = YES_AGGRESSIVE;
				CLANG_WARN_UNREACHABLE_CODE = YES;
				CLANG_WARN__DUPLICATE_METHOD_MATCH = YES;
				CODE_SIGN_IDENTITY = "iPhone Developer";
				COPY_PHASE_STRIP = NO;
				DEBUG_INFORMATION_FORMAT = "dwarf-with-dsym";
				ENABLE_NS_ASSERTIONS = NO;
				ENABLE_STRICT_OBJC_MSGSEND = YES;
				GCC_C_LANGUAGE_STANDARD = gnu11;
				GCC_NO_COMMON_BLOCKS = YES;
				GCC_WARN_64_TO_32_BIT_CONVERSION = YES;
				GCC_WARN_ABOUT_RETURN_TYPE = YES_ERROR;
				GCC_WARN_UNDECLARED_SELECTOR = YES;
				GCC_WARN_UNINITIALIZED_AUTOS = YES_AGGRESSIVE;
				GCC_WARN_UNUSED_FUNCTION = YES;
				GCC_WARN_UNUSED_VARIABLE = YES;
				IPHONEOS_DEPLOYMENT_TARGET = 12.1;
				MTL_ENABLE_DEBUG_INFO = NO;
				MTL_FAST_MATH = YES;
				SDKROOT = iphoneos;
				SWIFT_COMPILATION_MODE = wholemodule;
				SWIFT_OPTIMIZATION_LEVEL = "-O";
				VALIDATE_PRODUCT = YES;
			};
			name = Release;
		};
		C914ACDE222D53EB00C330A0 /* Debug */ = {
			isa = XCBuildConfiguration;
			baseConfigurationReference = C0DFDC63C3AF66603F64F9A1 /* Pods-APIChallenge.debug.xcconfig */;
			buildSettings = {
				ASSETCATALOG_COMPILER_APPICON_NAME = AppIcon;
				CODE_SIGN_STYLE = Automatic;
				INFOPLIST_FILE = APIChallenge/Info.plist;
				LD_RUNPATH_SEARCH_PATHS = (
					"$(inherited)",
					"@executable_path/Frameworks",
				);
				PRODUCT_BUNDLE_IDENTIFIER = com.pf.APIChallenge;
				PRODUCT_NAME = "$(TARGET_NAME)";
				SWIFT_VERSION = 4.2;
				TARGETED_DEVICE_FAMILY = "1,2";
			};
			name = Debug;
		};
		C914ACDF222D53EB00C330A0 /* Release */ = {
			isa = XCBuildConfiguration;
			baseConfigurationReference = F358378FCAAC8561D34D6640 /* Pods-APIChallenge.release.xcconfig */;
			buildSettings = {
				ASSETCATALOG_COMPILER_APPICON_NAME = AppIcon;
				CODE_SIGN_STYLE = Automatic;
				INFOPLIST_FILE = APIChallenge/Info.plist;
				LD_RUNPATH_SEARCH_PATHS = (
					"$(inherited)",
					"@executable_path/Frameworks",
				);
				PRODUCT_BUNDLE_IDENTIFIER = com.pf.APIChallenge;
				PRODUCT_NAME = "$(TARGET_NAME)";
				SWIFT_VERSION = 4.2;
				TARGETED_DEVICE_FAMILY = "1,2";
			};
			name = Release;
		};
/* End XCBuildConfiguration section */

/* Begin XCConfigurationList section */
		C914ACC6222D53EA00C330A0 /* Build configuration list for PBXProject "APIChallenge" */ = {
			isa = XCConfigurationList;
			buildConfigurations = (
				C914ACDB222D53EB00C330A0 /* Debug */,
				C914ACDC222D53EB00C330A0 /* Release */,
			);
			defaultConfigurationIsVisible = 0;
			defaultConfigurationName = Release;
		};
		C914ACDD222D53EB00C330A0 /* Build configuration list for PBXNativeTarget "APIChallenge" */ = {
			isa = XCConfigurationList;
			buildConfigurations = (
				C914ACDE222D53EB00C330A0 /* Debug */,
				C914ACDF222D53EB00C330A0 /* Release */,
			);
			defaultConfigurationIsVisible = 0;
			defaultConfigurationName = Release;
		};
/* End XCConfigurationList section */
	};
	rootObject = C914ACC3222D53EA00C330A0 /* Project object */;
}
